
Microsoft Visual Studio Solution File, Format Version 12.00
# Visual Studio Version 16
VisualStudioVersion = 16.0.30320.27
MinimumVisualStudioVersion = 10.0.40219.1
Project("{FAE04EC0-301F-11D3-BF4B-00C04F79EFBC}") = "snake and ladders", "snake and ladders.csproj", "{9292D6D5-4AE4-4132-B589-5CE3D2B11ADC}"
EndProject
Global
	GlobalSection(SolutionConfigurationPlatforms) = preSolution
		Debug|Any CPU = Debug|Any CPU
		Release|Any CPU = Release|Any CPU
	EndGlobalSection
	GlobalSection(ProjectConfigurationPlatforms) = postSolution
		{9292D6D5-4AE4-4132-B589-5CE3D2B11ADC}.Debug|Any CPU.ActiveCfg = Debug|Any CPU
		{9292D6D5-4AE4-4132-B589-5CE3D2B11ADC}.Debug|Any CPU.Build.0 = Debug|Any CPU
		{9292D6D5-4AE4-4132-B589-5CE3D2B11ADC}.Release|Any CPU.ActiveCfg = Release|Any CPU
		{9292D6D5-4AE4-4132-B589-5CE3D2B11ADC}.Release|Any CPU.Build.0 = Release|Any CPU
	EndGlobalSection
	GlobalSection(SolutionProperties) = preSolution
		HideSolutionNode = FALSE
	EndGlobalSection
	GlobalSection(ExtensibilityGlobals) = postSolution
		SolutionGuid = {D10D88AB-BF3D-4F1E-84A5-C99EDFB005F0}
	EndGlobalSection
EndGlobal
